
Microsoft Visual Studio Solution File, Format Version 12.00
# Visual Studio Version 17
VisualStudioVersion = 17.5.002.0
MinimumVisualStudioVersion = 10.0.40219.1
Project("{9A19103F-16F7-4668-BE54-9A1E7A4F7556}") = "Program2", "Program2.csproj", "{575D7908-042F-455C-8BF1-56C614DA14AC}"
EndProject
Global
	GlobalSection(SolutionConfigurationPlatforms) = preSolution
		Debug|Any CPU = Debug|Any CPU
		Release|Any CPU = Release|Any CPU
	EndGlobalSection
	GlobalSection(ProjectConfigurationPlatforms) = postSolution
		{575D7908-042F-455C-8BF1-56C614DA14AC}.Debug|Any CPU.ActiveCfg = Debug|Any CPU
		{575D7908-042F-455C-8BF1-56C614DA14AC}.Debug|Any CPU.Build.0 = Debug|Any CPU
		{575D7908-042F-455C-8BF1-56C614DA14AC}.Release|Any CPU.ActiveCfg = Release|Any CPU
		{575D7908-042F-455C-8BF1-56C614DA14AC}.Release|Any CPU.Build.0 = Release|Any CPU
	EndGlobalSection
	GlobalSection(SolutionProperties) = preSolution
		HideSolutionNode = FALSE
	EndGlobalSection
	GlobalSection(ExtensibilityGlobals) = postSolution
		SolutionGuid = {BD28EA35-2A89-4AC1-BE35-FB4B2170AC52}
	EndGlobalSection
EndGlobal
