
Microsoft Visual Studio Solution File, Format Version 12.00
# Visual Studio Version 17
VisualStudioVersion = 17.5.002.0
MinimumVisualStudioVersion = 10.0.40219.1
Project("{9A19103F-16F7-4668-BE54-9A1E7A4F7556}") = "dz8", "dz8.csproj", "{F14F6A4C-6D52-4690-9687-9123D8CB4038}"
EndProject
Global
	GlobalSection(SolutionConfigurationPlatforms) = preSolution
		Debug|Any CPU = Debug|Any CPU
		Release|Any CPU = Release|Any CPU
	EndGlobalSection
	GlobalSection(ProjectConfigurationPlatforms) = postSolution
		{F14F6A4C-6D52-4690-9687-9123D8CB4038}.Debug|Any CPU.ActiveCfg = Debug|Any CPU
		{F14F6A4C-6D52-4690-9687-9123D8CB4038}.Debug|Any CPU.Build.0 = Debug|Any CPU
		{F14F6A4C-6D52-4690-9687-9123D8CB4038}.Release|Any CPU.ActiveCfg = Release|Any CPU
		{F14F6A4C-6D52-4690-9687-9123D8CB4038}.Release|Any CPU.Build.0 = Release|Any CPU
	EndGlobalSection
	GlobalSection(SolutionProperties) = preSolution
		HideSolutionNode = FALSE
	EndGlobalSection
	GlobalSection(ExtensibilityGlobals) = postSolution
		SolutionGuid = {1156D2E5-3F84-4EA3-84F7-214D1DA2B6BC}
	EndGlobalSection
EndGlobal
